
Microsoft Visual Studio Solution File, Format Version 12.00
# Visual Studio Version 17
VisualStudioVersion = 17.14.36811.4 d17.14
MinimumVisualStudioVersion = 10.0.40219.1
Project("{FAE04EC0-301F-11D3-BF4B-00C04F79EFBC}") = "StudentDemo.API", "StudentDemo.API\StudentDemo.API.csproj", "{B3611009-3259-4DD7-90AA-92F07426EABB}"
EndProject
Global
	GlobalSection(SolutionConfigurationPlatforms) = preSolution
		Debug|Any CPU = Debug|Any CPU
		Release|Any CPU = Release|Any CPU
	EndGlobalSection
	GlobalSection(ProjectConfigurationPlatforms) = postSolution
		{B3611009-3259-4DD7-90AA-92F07426EABB}.Debug|Any CPU.ActiveCfg = Debug|Any CPU
		{B3611009-3259-4DD7-90AA-92F07426EABB}.Debug|Any CPU.Build.0 = Debug|Any CPU
		{B3611009-3259-4DD7-90AA-92F07426EABB}.Release|Any CPU.ActiveCfg = Release|Any CPU
		{B3611009-3259-4DD7-90AA-92F07426EABB}.Release|Any CPU.Build.0 = Release|Any CPU
	EndGlobalSection
	GlobalSection(SolutionProperties) = preSolution
		HideSolutionNode = FALSE
	EndGlobalSection
	GlobalSection(ExtensibilityGlobals) = postSolution
		SolutionGuid = {C3FFF43A-E557-4065-B6A3-823D1AF0C089}
	EndGlobalSection
EndGlobal
